
Microsoft Visual Studio Solution File, Format Version 12.00
# Visual Studio 15
VisualStudioVersion = 15.0.27703.2026
MinimumVisualStudioVersion = 10.0.40219.1
Project("{FAE04EC0-301F-11D3-BF4B-00C04F79EFBC}") = "BmpSampler", "BmpSampler\BmpSampler.csproj", "{D7BABCDB-9134-42E1-8306-BE7041EC626A}"
EndProject
Global
	GlobalSection(SolutionConfigurationPlatforms) = preSolution
		Debug|Any CPU = Debug|Any CPU
		Release|Any CPU = Release|Any CPU
	EndGlobalSection
	GlobalSection(ProjectConfigurationPlatforms) = postSolution
		{D7BABCDB-9134-42E1-8306-BE7041EC626A}.Debug|Any CPU.ActiveCfg = Debug|Any CPU
		{D7BABCDB-9134-42E1-8306-BE7041EC626A}.Debug|Any CPU.Build.0 = Debug|Any CPU
		{D7BABCDB-9134-42E1-8306-BE7041EC626A}.Release|Any CPU.ActiveCfg = Release|Any CPU
		{D7BABCDB-9134-42E1-8306-BE7041EC626A}.Release|Any CPU.Build.0 = Release|Any CPU
	EndGlobalSection
	GlobalSection(SolutionProperties) = preSolution
		HideSolutionNode = FALSE
	EndGlobalSection
	GlobalSection(ExtensibilityGlobals) = postSolution
		SolutionGuid = {C09E2FB2-CA38-4D4E-8EB7-6B6232795D4D}
	EndGlobalSection
EndGlobal
